
Microsoft Visual Studio Solution File, Format Version 12.00
# Visual Studio 14
VisualStudioVersion = 14.0.24720.0
MinimumVisualStudioVersion = 10.0.40219.1
Project("{FAE04EC0-301F-11D3-BF4B-00C04F79EFBC}") = "App3.Droid", "App3\App3.Droid\App3.Droid.csproj", "{7996B151-44CF-4BEE-8FA0-563C56223B36}"
EndProject
Project("{FAE04EC0-301F-11D3-BF4B-00C04F79EFBC}") = "App3.iOS", "App3\App3.iOS\App3.iOS.csproj", "{60B4D341-8C3D-4DEE-AF69-AA0A321C0CE6}"
EndProject
Project("{FAE04EC0-301F-11D3-BF4B-00C04F79EFBC}") = "App3", "App3\App3\App3.csproj", "{B94DE348-C6A0-46D5-AFCA-C9E35FF7723D}"
EndProject
Global
	GlobalSection(SolutionConfigurationPlatforms) = preSolution
		Ad-Hoc|Any CPU = Ad-Hoc|Any CPU
		Ad-Hoc|ARM = Ad-Hoc|ARM
		Ad-Hoc|iPhone = Ad-Hoc|iPhone
		Ad-Hoc|iPhoneSimulator = Ad-Hoc|iPhoneSimulator
		Ad-Hoc|x64 = Ad-Hoc|x64
		Ad-Hoc|x86 = Ad-Hoc|x86
		AppStore|Any CPU = AppStore|Any CPU
		AppStore|ARM = AppStore|ARM
		AppStore|iPhone = AppStore|iPhone
		AppStore|iPhoneSimulator = AppStore|iPhoneSimulator
		AppStore|x64 = AppStore|x64
		AppStore|x86 = AppStore|x86
		Debug|Any CPU = Debug|Any CPU
		Debug|ARM = Debug|ARM
		Debug|iPhone = Debug|iPhone
		Debug|iPhoneSimulator = Debug|iPhoneSimulator
		Debug|x64 = Debug|x64
		Debug|x86 = Debug|x86
		Release|Any CPU = Release|Any CPU
		Release|ARM = Release|ARM
		Release|iPhone = Release|iPhone
		Release|iPhoneSimulator = Release|iPhoneSimulator
		Release|x64 = Release|x64
		Release|x86 = Release|x86
	EndGlobalSection
	GlobalSection(ProjectConfigurationPlatforms) = postSolution
		{7996B151-44CF-4BEE-8FA0-563C56223B36}.Ad-Hoc|Any CPU.ActiveCfg = Release|Any CPU
		{7996B151-44CF-4BEE-8FA0-563C56223B36}.Ad-Hoc|Any CPU.Build.0 = Release|Any CPU
		{7996B151-44CF-4BEE-8FA0-563C56223B36}.Ad-Hoc|Any CPU.Deploy.0 = Release|Any CPU
		{7996B151-44CF-4BEE-8FA0-563C56223B36}.Ad-Hoc|ARM.ActiveCfg = Release|Any CPU
		{7996B151-44CF-4BEE-8FA0-563C56223B36}.Ad-Hoc|ARM.Build.0 = Release|Any CPU
		{7996B151-44CF-4BEE-8FA0-563C56223B36}.Ad-Hoc|ARM.Deploy.0 = Release|Any CPU
		{7996B151-44CF-4BEE-8FA0-563C56223B36}.Ad-Hoc|iPhone.ActiveCfg = Release|Any CPU
		{7996B151-44CF-4BEE-8FA0-563C56223B36}.Ad-Hoc|iPhone.Build.0 = Release|Any CPU
		{7996B151-44CF-4BEE-8FA0-563C56223B36}.Ad-Hoc|iPhone.Deploy.0 = Release|Any CPU
		{7996B151-44CF-4BEE-8FA0-563C56223B36}.Ad-Hoc|iPhoneSimulator.ActiveCfg = Release|Any CPU
		{7996B151-44CF-4BEE-8FA0-563C56223B36}.Ad-Hoc|iPhoneSimulator.Build.0 = Release|Any CPU
		{7996B151-44CF-4BEE-8FA0-563C56223B36}.Ad-Hoc|iPhoneSimulator.Deploy.0 = Release|Any CPU
		{7996B151-44CF-4BEE-8FA0-563C56223B36}.Ad-Hoc|x64.ActiveCfg = Release|Any CPU
		{7996B151-44CF-4BEE-8FA0-563C56223B36}.Ad-Hoc|x64.Build.0 = Release|Any CPU
		{7996B151-44CF-4BEE-8FA0-563C56223B36}.Ad-Hoc|x64.Deploy.0 = Release|Any CPU
		{7996B151-44CF-4BEE-8FA0-563C56223B36}.Ad-Hoc|x86.ActiveCfg = Release|Any CPU
		{7996B151-44CF-4BEE-8FA0-563C56223B36}.Ad-Hoc|x86.Build.0 = Release|Any CPU
		{7996B151-44CF-4BEE-8FA0-563C56223B36}.Ad-Hoc|x86.Deploy.0 = Release|Any CPU
		{7996B151-44CF-4BEE-8FA0-563C56223B36}.AppStore|Any CPU.ActiveCfg = Release|Any CPU
		{7996B151-44CF-4BEE-8FA0-563C56223B36}.AppStore|Any CPU.Build.0 = Release|Any CPU
		{7996B151-44CF-4BEE-8FA0-563C56223B36}.AppStore|Any CPU.Deploy.0 = Release|Any CPU
		{7996B151-44CF-4BEE-8FA0-563C56223B36}.AppStore|ARM.ActiveCfg = Release|Any CPU
		{7996B151-44CF-4BEE-8FA0-563C56223B36}.AppStore|ARM.Build.0 = Release|Any CPU
		{7996B151-44CF-4BEE-8FA0-563C56223B36}.AppStore|ARM.Deploy.0 = Release|Any CPU
		{7996B151-44CF-4BEE-8FA0-563C56223B36}.AppStore|iPhone.ActiveCfg = Release|Any CPU
		{7996B151-44CF-4BEE-8FA0-563C56223B36}.AppStore|iPhone.Build.0 = Release|Any CPU
		{7996B151-44CF-4BEE-8FA0-563C56223B36}.AppStore|iPhone.Deploy.0 = Release|Any CPU
		{7996B151-44CF-4BEE-8FA0-563C56223B36}.AppStore|iPhoneSimulator.ActiveCfg = Release|Any CPU
		{7996B151-44CF-4BEE-8FA0-563C56223B36}.AppStore|iPhoneSimulator.Build.0 = Release|Any CPU
		{7996B151-44CF-4BEE-8FA0-563C56223B36}.AppStore|iPhoneSimulator.Deploy.0 = Release|Any CPU
		{7996B151-44CF-4BEE-8FA0-563C56223B36}.AppStore|x64.ActiveCfg = Release|Any CPU
		{7996B151-44CF-4BEE-8FA0-563C56223B36}.AppStore|x64.Build.0 = Release|Any CPU
		{7996B151-44CF-4BEE-8FA0-563C56223B36}.AppStore|x64.Deploy.0 = Release|Any CPU
		{7996B151-44CF-4BEE-8FA0-563C56223B36}.AppStore|x86.ActiveCfg = Release|Any CPU
		{7996B151-44CF-4BEE-8FA0-563C56223B36}.AppStore|x86.Build.0 = Release|Any CPU
		{7996B151-44CF-4BEE-8FA0-563C56223B36}.AppStore|x86.Deploy.0 = Release|Any CPU
		{7996B151-44CF-4BEE-8FA0-563C56223B36}.Debug|Any CPU.ActiveCfg = Debug|Any CPU
		{7996B151-44CF-4BEE-8FA0-563C56223B36}.Debug|Any CPU.Build.0 = Debug|Any CPU
		{7996B151-44CF-4BEE-8FA0-563C56223B36}.Debug|Any CPU.Deploy.0 = Debug|Any CPU
		{7996B151-44CF-4BEE-8FA0-563C56223B36}.Debug|ARM.ActiveCfg = Debug|Any CPU
		{7996B151-44CF-4BEE-8FA0-563C56223B36}.Debug|ARM.Build.0 = Debug|Any CPU
		{7996B151-44CF-4BEE-8FA0-563C56223B36}.Debug|ARM.Deploy.0 = Debug|Any CPU
		{7996B151-44CF-4BEE-8FA0-563C56223B36}.Debug|iPhone.ActiveCfg = Debug|Any CPU
		{7996B151-44CF-4BEE-8FA0-563C56223B36}.Debug|iPhone.Build.0 = Debug|Any CPU
		{7996B151-44CF-4BEE-8FA0-563C56223B36}.Debug|iPhone.Deploy.0 = Debug|Any CPU
		{7996B151-44CF-4BEE-8FA0-563C56223B36}.Debug|iPhoneSimulator.ActiveCfg = Debug|Any CPU
		{7996B151-44CF-4BEE-8FA0-563C56223B36}.Debug|iPhoneSimulator.Build.0 = Debug|Any CPU
		{7996B151-44CF-4BEE-8FA0-563C56223B36}.Debug|iPhoneSimulator.Deploy.0 = Debug|Any CPU
		{7996B151-44CF-4BEE-8FA0-563C56223B36}.Debug|x64.ActiveCfg = Debug|Any CPU
		{7996B151-44CF-4BEE-8FA0-563C56223B36}.Debug|x64.Build.0 = Debug|Any CPU
		{7996B151-44CF-4BEE-8FA0-563C56223B36}.Debug|x64.Deploy.0 = Debug|Any CPU
		{7996B151-44CF-4BEE-8FA0-563C56223B36}.Debug|x86.ActiveCfg = Debug|Any CPU
		{7996B151-44CF-4BEE-8FA0-563C56223B36}.Debug|x86.Build.0 = Debug|Any CPU
		{7996B151-44CF-4BEE-8FA0-563C56223B36}.Debug|x86.Deploy.0 = Debug|Any CPU
		{7996B151-44CF-4BEE-8FA0-563C56223B36}.Release|Any CPU.ActiveCfg = Release|Any CPU
		{7996B151-44CF-4BEE-8FA0-563C56223B36}.Release|Any CPU.Build.0 = Release|Any CPU
		{7996B151-44CF-4BEE-8FA0-563C56223B36}.Release|Any CPU.Deploy.0 = Release|Any CPU
		{7996B151-44CF-4BEE-8FA0-563C56223B36}.Release|ARM.ActiveCfg = Release|Any CPU
		{7996B151-44CF-4BEE-8FA0-563C56223B36}.Release|ARM.Build.0 = Release|Any CPU
		{7996B151-44CF-4BEE-8FA0-563C56223B36}.Release|ARM.Deploy.0 = Release|Any CPU
		{7996B151-44CF-4BEE-8FA0-563C56223B36}.Release|iPhone.ActiveCfg = Release|Any CPU
		{7996B151-44CF-4BEE-8FA0-563C56223B36}.Release|iPhone.Build.0 = Release|Any CPU
		{7996B151-44CF-4BEE-8FA0-563C56223B36}.Release|iPhone.Deploy.0 = Release|Any CPU
		{7996B151-44CF-4BEE-8FA0-563C56223B36}.Release|iPhoneSimulator.ActiveCfg = Release|Any CPU
		{7996B151-44CF-4BEE-8FA0-563C56223B36}.Release|iPhoneSimulator.Build.0 = Release|Any CPU
		{7996B151-44CF-4BEE-8FA0-563C56223B36}.Release|iPhoneSimulator.Deploy.0 = Release|Any CPU
		{7996B151-44CF-4BEE-8FA0-563C56223B36}.Release|x64.ActiveCfg = Release|Any CPU
		{7996B151-44CF-4BEE-8FA0-563C56223B36}.Release|x64.Build.0 = Release|Any CPU
		{7996B151-44CF-4BEE-8FA0-563C56223B36}.Release|x64.Deploy.0 = Release|Any CPU
		{7996B151-44CF-4BEE-8FA0-563C56223B36}.Release|x86.ActiveCfg = Release|Any CPU
		{7996B151-44CF-4BEE-8FA0-563C56223B36}.Release|x86.Build.0 = Release|Any CPU
		{7996B151-44CF-4BEE-8FA0-563C56223B36}.Release|x86.Deploy.0 = Release|Any CPU
		{60B4D341-8C3D-4DEE-AF69-AA0A321C0CE6}.Ad-Hoc|Any CPU.ActiveCfg = Ad-Hoc|iPhone
		{60B4D341-8C3D-4DEE-AF69-AA0A321C0CE6}.Ad-Hoc|ARM.ActiveCfg = Ad-Hoc|iPhone
		{60B4D341-8C3D-4DEE-AF69-AA0A321C0CE6}.Ad-Hoc|iPhone.ActiveCfg = Ad-Hoc|iPhone
		{60B4D341-8C3D-4DEE-AF69-AA0A321C0CE6}.Ad-Hoc|iPhone.Build.0 = Ad-Hoc|iPhone
		{60B4D341-8C3D-4DEE-AF69-AA0A321C0CE6}.Ad-Hoc|iPhoneSimulator.ActiveCfg = Ad-Hoc|iPhoneSimulator
		{60B4D341-8C3D-4DEE-AF69-AA0A321C0CE6}.Ad-Hoc|iPhoneSimulator.Build.0 = Ad-Hoc|iPhoneSimulator
		{60B4D341-8C3D-4DEE-AF69-AA0A321C0CE6}.Ad-Hoc|x64.ActiveCfg = Ad-Hoc|iPhone
		{60B4D341-8C3D-4DEE-AF69-AA0A321C0CE6}.Ad-Hoc|x86.ActiveCfg = Ad-Hoc|iPhone
		{60B4D341-8C3D-4DEE-AF69-AA0A321C0CE6}.AppStore|Any CPU.ActiveCfg = AppStore|iPhone
		{60B4D341-8C3D-4DEE-AF69-AA0A321C0CE6}.AppStore|ARM.ActiveCfg = AppStore|iPhone
		{60B4D341-8C3D-4DEE-AF69-AA0A321C0CE6}.AppStore|iPhone.ActiveCfg = AppStore|iPhone
		{60B4D341-8C3D-4DEE-AF69-AA0A321C0CE6}.AppStore|iPhone.Build.0 = AppStore|iPhone
		{60B4D341-8C3D-4DEE-AF69-AA0A321C0CE6}.AppStore|iPhoneSimulator.ActiveCfg = AppStore|iPhoneSimulator
		{60B4D341-8C3D-4DEE-AF69-AA0A321C0CE6}.AppStore|iPhoneSimulator.Build.0 = AppStore|iPhoneSimulator
		{60B4D341-8C3D-4DEE-AF69-AA0A321C0CE6}.AppStore|x64.ActiveCfg = AppStore|iPhone
		{60B4D341-8C3D-4DEE-AF69-AA0A321C0CE6}.AppStore|x86.ActiveCfg = AppStore|iPhone
		{60B4D341-8C3D-4DEE-AF69-AA0A321C0CE6}.Debug|Any CPU.ActiveCfg = Debug|iPhone
		{60B4D341-8C3D-4DEE-AF69-AA0A321C0CE6}.Debug|ARM.ActiveCfg = Debug|iPhone
		{60B4D341-8C3D-4DEE-AF69-AA0A321C0CE6}.Debug|iPhone.ActiveCfg = Debug|iPhone
		{60B4D341-8C3D-4DEE-AF69-AA0A321C0CE6}.Debug|iPhone.Build.0 = Debug|iPhone
		{60B4D341-8C3D-4DEE-AF69-AA0A321C0CE6}.Debug|iPhoneSimulator.ActiveCfg = Debug|iPhoneSimulator
		{60B4D341-8C3D-4DEE-AF69-AA0A321C0CE6}.Debug|iPhoneSimulator.Build.0 = Debug|iPhoneSimulator
		{60B4D341-8C3D-4DEE-AF69-AA0A321C0CE6}.Debug|x64.ActiveCfg = Debug|iPhone
		{60B4D341-8C3D-4DEE-AF69-AA0A321C0CE6}.Debug|x86.ActiveCfg = Debug|iPhone
		{60B4D341-8C3D-4DEE-AF69-AA0A321C0CE6}.Release|Any CPU.ActiveCfg = Release|iPhone
		{60B4D341-8C3D-4DEE-AF69-AA0A321C0CE6}.Release|ARM.ActiveCfg = Release|iPhone
		{60B4D341-8C3D-4DEE-AF69-AA0A321C0CE6}.Release|iPhone.ActiveCfg = Release|iPhone
		{60B4D341-8C3D-4DEE-AF69-AA0A321C0CE6}.Release|iPhone.Build.0 = Release|iPhone
		{60B4D341-8C3D-4DEE-AF69-AA0A321C0CE6}.Release|iPhoneSimulator.ActiveCfg = Release|iPhoneSimulator
		{60B4D341-8C3D-4DEE-AF69-AA0A321C0CE6}.Release|iPhoneSimulator.Build.0 = Release|iPhoneSimulator
		{60B4D341-8C3D-4DEE-AF69-AA0A321C0CE6}.Release|x64.ActiveCfg = Release|iPhone
		{60B4D341-8C3D-4DEE-AF69-AA0A321C0CE6}.Release|x86.ActiveCfg = Release|iPhone
		{B94DE348-C6A0-46D5-AFCA-C9E35FF7723D}.Ad-Hoc|Any CPU.ActiveCfg = Release|Any CPU
		{B94DE348-C6A0-46D5-AFCA-C9E35FF7723D}.Ad-Hoc|Any CPU.Build.0 = Release|Any CPU
		{B94DE348-C6A0-46D5-AFCA-C9E35FF7723D}.Ad-Hoc|ARM.ActiveCfg = Release|Any CPU
		{B94DE348-C6A0-46D5-AFCA-C9E35FF7723D}.Ad-Hoc|ARM.Build.0 = Release|Any CPU
		{B94DE348-C6A0-46D5-AFCA-C9E35FF7723D}.Ad-Hoc|iPhone.ActiveCfg = Release|Any CPU
		{B94DE348-C6A0-46D5-AFCA-C9E35FF7723D}.Ad-Hoc|iPhone.Build.0 = Release|Any CPU
		{B94DE348-C6A0-46D5-AFCA-C9E35FF7723D}.Ad-Hoc|iPhoneSimulator.ActiveCfg = Release|Any CPU
		{B94DE348-C6A0-46D5-AFCA-C9E35FF7723D}.Ad-Hoc|iPhoneSimulator.Build.0 = Release|Any CPU
		{B94DE348-C6A0-46D5-AFCA-C9E35FF7723D}.Ad-Hoc|x64.ActiveCfg = Release|Any CPU
		{B94DE348-C6A0-46D5-AFCA-C9E35FF7723D}.Ad-Hoc|x64.Build.0 = Release|Any CPU
		{B94DE348-C6A0-46D5-AFCA-C9E35FF7723D}.Ad-Hoc|x86.ActiveCfg = Release|Any CPU
		{B94DE348-C6A0-46D5-AFCA-C9E35FF7723D}.Ad-Hoc|x86.Build.0 = Release|Any CPU
		{B94DE348-C6A0-46D5-AFCA-C9E35FF7723D}.AppStore|Any CPU.ActiveCfg = Release|Any CPU
		{B94DE348-C6A0-46D5-AFCA-C9E35FF7723D}.AppStore|Any CPU.Build.0 = Release|Any CPU
		{B94DE348-C6A0-46D5-AFCA-C9E35FF7723D}.AppStore|ARM.ActiveCfg = Release|Any CPU
		{B94DE348-C6A0-46D5-AFCA-C9E35FF7723D}.AppStore|ARM.Build.0 = Release|Any CPU
		{B94DE348-C6A0-46D5-AFCA-C9E35FF7723D}.AppStore|iPhone.ActiveCfg = Release|Any CPU
		{B94DE348-C6A0-46D5-AFCA-C9E35FF7723D}.AppStore|iPhone.Build.0 = Release|Any CPU
		{B94DE348-C6A0-46D5-AFCA-C9E35FF7723D}.AppStore|iPhoneSimulator.ActiveCfg = Release|Any CPU
		{B94DE348-C6A0-46D5-AFCA-C9E35FF7723D}.AppStore|iPhoneSimulator.Build.0 = Release|Any CPU
		{B94DE348-C6A0-46D5-AFCA-C9E35FF7723D}.AppStore|x64.ActiveCfg = Release|Any CPU
		{B94DE348-C6A0-46D5-AFCA-C9E35FF7723D}.AppStore|x64.Build.0 = Release|Any CPU
		{B94DE348-C6A0-46D5-AFCA-C9E35FF7723D}.AppStore|x86.ActiveCfg = Release|Any CPU
		{B94DE348-C6A0-46D5-AFCA-C9E35FF7723D}.AppStore|x86.Build.0 = Release|Any CPU
		{B94DE348-C6A0-46D5-AFCA-C9E35FF7723D}.Debug|Any CPU.ActiveCfg = Debug|Any CPU
		{B94DE348-C6A0-46D5-AFCA-C9E35FF7723D}.Debug|Any CPU.Build.0 = Debug|Any CPU
		{B94DE348-C6A0-46D5-AFCA-C9E35FF7723D}.Debug|ARM.ActiveCfg = Debug|Any CPU
		{B94DE348-C6A0-46D5-AFCA-C9E35FF7723D}.Debug|ARM.Build.0 = Debug|Any CPU
		{B94DE348-C6A0-46D5-AFCA-C9E35FF7723D}.Debug|iPhone.ActiveCfg = Debug|Any CPU
		{B94DE348-C6A0-46D5-AFCA-C9E35FF7723D}.Debug|iPhone.Build.0 = Debug|Any CPU
		{B94DE348-C6A0-46D5-AFCA-C9E35FF7723D}.Debug|iPhoneSimulator.ActiveCfg = Debug|Any CPU
		{B94DE348-C6A0-46D5-AFCA-C9E35FF7723D}.Debug|iPhoneSimulator.Build.0 = Debug|Any CPU
		{B94DE348-C6A0-46D5-AFCA-C9E35FF7723D}.Debug|x64.ActiveCfg = Debug|Any CPU
		{B94DE348-C6A0-46D5-AFCA-C9E35FF7723D}.Debug|x64.Build.0 = Debug|Any CPU
		{B94DE348-C6A0-46D5-AFCA-C9E35FF7723D}.Debug|x86.ActiveCfg = Debug|Any CPU
		{B94DE348-C6A0-46D5-AFCA-C9E35FF7723D}.Debug|x86.Build.0 = Debug|Any CPU
		{B94DE348-C6A0-46D5-AFCA-C9E35FF7723D}.Release|Any CPU.ActiveCfg = Release|Any CPU
		{B94DE348-C6A0-46D5-AFCA-C9E35FF7723D}.Release|Any CPU.Build.0 = Release|Any CPU
		{B94DE348-C6A0-46D5-AFCA-C9E35FF7723D}.Release|ARM.ActiveCfg = Release|Any CPU
		{B94DE348-C6A0-46D5-AFCA-C9E35FF7723D}.Release|ARM.Build.0 = Release|Any CPU
		{B94DE348-C6A0-46D5-AFCA-C9E35FF7723D}.Release|iPhone.ActiveCfg = Release|Any CPU
		{B94DE348-C6A0-46D5-AFCA-C9E35FF7723D}.Release|iPhone.Build.0 = Release|Any CPU
		{B94DE348-C6A0-46D5-AFCA-C9E35FF7723D}.Release|iPhoneSimulator.ActiveCfg = Release|Any CPU
		{B94DE348-C6A0-46D5-AFCA-C9E35FF7723D}.Release|iPhoneSimulator.Build.0 = Release|Any CPU
		{B94DE348-C6A0-46D5-AFCA-C9E35FF7723D}.Release|x64.ActiveCfg = Release|Any CPU
		{B94DE348-C6A0-46D5-AFCA-C9E35FF7723D}.Release|x64.Build.0 = Release|Any CPU
		{B94DE348-C6A0-46D5-AFCA-C9E35FF7723D}.Release|x86.ActiveCfg = Release|Any CPU
		{B94DE348-C6A0-46D5-AFCA-C9E35FF7723D}.Release|x86.Build.0 = Release|Any CPU
	EndGlobalSection
	GlobalSection(SolutionProperties) = preSolution
		HideSolutionNode = FALSE
	EndGlobalSection
EndGlobal
